
Microsoft Visual Studio Solution File, Format Version 12.00
# Visual Studio 15
Project("{FAE04EC0-301F-11D3-BF4B-00C04F79EFBC}") = "Assembly-CSharp", "Assembly-CSharp.csproj", "{40380B5A-2B9D-DFD3-477C-C51665B0A821}"
EndProject
Project("{FAE04EC0-301F-11D3-BF4B-00C04F79EFBC}") = "UIEffect_Demo", "UIEffect_Demo.csproj", "{30731121-44B8-0262-588B-545670949C62}"
EndProject
Global
	GlobalSection(SolutionConfigurationPlatforms) = preSolution
		Debug|Any CPU = Debug|Any CPU
		Release|Any CPU = Release|Any CPU
	EndGlobalSection
	GlobalSection(ProjectConfigurationPlatforms) = postSolution
		{40380B5A-2B9D-DFD3-477C-C51665B0A821}.Debug|Any CPU.ActiveCfg = Debug|Any CPU
		{40380B5A-2B9D-DFD3-477C-C51665B0A821}.Debug|Any CPU.Build.0 = Debug|Any CPU
		{40380B5A-2B9D-DFD3-477C-C51665B0A821}.Release|Any CPU.ActiveCfg = Release|Any CPU
		{40380B5A-2B9D-DFD3-477C-C51665B0A821}.Release|Any CPU.Build.0 = Release|Any CPU
		{30731121-44B8-0262-588B-545670949C62}.Debug|Any CPU.ActiveCfg = Debug|Any CPU
		{30731121-44B8-0262-588B-545670949C62}.Debug|Any CPU.Build.0 = Debug|Any CPU
		{30731121-44B8-0262-588B-545670949C62}.Release|Any CPU.ActiveCfg = Release|Any CPU
		{30731121-44B8-0262-588B-545670949C62}.Release|Any CPU.Build.0 = Release|Any CPU
	EndGlobalSection
	GlobalSection(SolutionProperties) = preSolution
		HideSolutionNode = FALSE
	EndGlobalSection
EndGlobal
